// !$*UTF8*$!
{
	archiveVersion = 1;
	classes = {
	};
	objectVersion = 46;
	objects = {

/* Begin PBXBuildFile section */
		581197B0F18870D60FC630ED /* Pods_SimpleApiExample.framework in Frameworks */ = {isa = PBXBuildFile; fileRef = FBA90054CAE6E640FF1B4C7C /* Pods_SimpleApiExample.framework */; };
		8BFBB2F81F571CEA00BC422F /* AppDelegate.swift in Sources */ = {isa = PBXBuildFile; fileRef = 8BFBB2F71F571CEA00BC422F /* AppDelegate.swift */; };
		8BFBB2FA1F571CEA00BC422F /* ViewController.swift in Sources */ = {isa = PBXBuildFile; fileRef = 8BFBB2F91F571CEA00BC422F /* ViewController.swift */; };
		8BFBB2FD1F571CEA00BC422F /* Main.storyboard in Resources */ = {isa = PBXBuildFile; fileRef = 8BFBB2FB1F571CEA00BC422F /* Main.storyboard */; };
		8BFBB2FF1F571CEA00BC422F /* Assets.xcassets in Resources */ = {isa = PBXBuildFile; fileRef = 8BFBB2FE1F571CEA00BC422F /* Assets.xcassets */; };
		8BFBB3021F571CEA00BC422F /* LaunchScreen.storyboard in Resources */ = {isa = PBXBuildFile; fileRef = 8BFBB3001F571CEA00BC422F /* LaunchScreen.storyboard */; };
/* End PBXBuildFile section */

/* Begin PBXFileReference section */
		8BFBB2F41F571CEA00BC422F /* SimpleApiExample.app */ = {isa = PBXFileReference; explicitFileType = wrapper.application; includeInIndex = 0; path = SimpleApiExample.app; sourceTree = BUILT_PRODUCTS_DIR; };
		8BFBB2F71F571CEA00BC422F /* AppDelegate.swift */ = {isa = PBXFileReference; lastKnownFileType = sourcecode.swift; path = AppDelegate.swift; sourceTree = "<group>"; };
		8BFBB2F91F571CEA00BC422F /* ViewController.swift */ = {isa = PBXFileReference; lastKnownFileType = sourcecode.swift; path = ViewController.swift; sourceTree = "<group>"; };
		8BFBB2FC1F571CEA00BC422F /* Base */ = {isa = PBXFileReference; lastKnownFileType = file.storyboard; name = Base; path = Base.lproj/Main.storyboard; sourceTree = "<group>"; };
		8BFBB2FE1F571CEA00BC422F /* Assets.xcassets */ = {isa = PBXFileReference; lastKnownFileType = folder.assetcatalog; path = Assets.xcassets; sourceTree = "<group>"; };
		8BFBB3011F571CEA00BC422F /* Base */ = {isa = PBXFileReference; lastKnownFileType = file.storyboard; name = Base; path = Base.lproj/LaunchScreen.storyboard; sourceTree = "<group>"; };
		8BFBB3031F571CEA00BC422F /* Info.plist */ = {isa = PBXFileReference; lastKnownFileType = text.plist.xml; path = Info.plist; sourceTree = "<group>"; };
		BEE370A92054BB4D7A24E171 /* Pods-SimpleApiExample.release.xcconfig */ = {isa = PBXFileReference; includeInIndex = 1; lastKnownFileType = text.xcconfig; name = "Pods-SimpleApiExample.release.xcconfig"; path = "Pods/Target Support Files/Pods-SimpleApiExample/Pods-SimpleApiExample.release.xcconfig"; sourceTree = "<group>"; };
		CE2BF242EA89F84BE85CC374 /* Pods-SimpleApiExample.debug.xcconfig */ = {isa = PBXFileReference; includeInIndex = 1; lastKnownFileType = text.xcconfig; name = "Pods-SimpleApiExample.debug.xcconfig"; path = "Pods/Target Support Files/Pods-SimpleApiExample/Pods-SimpleApiExample.debug.xcconfig"; sourceTree = "<group>"; };
		FBA90054CAE6E640FF1B4C7C /* Pods_SimpleApiExample.framework */ = {isa = PBXFileReference; explicitFileType = wrapper.framework; includeInIndex = 0; path = Pods_SimpleApiExample.framework; sourceTree = BUILT_PRODUCTS_DIR; };
/* End PBXFileReference section */

/* Begin PBXFrameworksBuildPhase section */
		8BFBB2F11F571CEA00BC422F /* Frameworks */ = {
			isa = PBXFrameworksBuildPhase;
			buildActionMask = 2147483647;
			files = (
				581197B0F18870D60FC630ED /* Pods_SimpleApiExample.framework in Frameworks */,
			);
			runOnlyForDeploymentPostprocessing = 0;
		};
/* End PBXFrameworksBuildPhase section */

/* Begin PBXGroup section */
		2520D7B96DF41046C204B627 /* Pods */ = {
			isa = PBXGroup;
			children = (
				CE2BF242EA89F84BE85CC374 /* Pods-SimpleApiExample.debug.xcconfig */,
				BEE370A92054BB4D7A24E171 /* Pods-SimpleApiExample.release.xcconfig */,
			);
			name = Pods;
			sourceTree = "<group>";
		};
		8BFBB2EB1F571CEA00BC422F = {
			isa = PBXGroup;
			children = (
				8BFBB2F61F571CEA00BC422F /* SimpleApiExample */,
				8BFBB2F51F571CEA00BC422F /* Products */,
				2520D7B96DF41046C204B627 /* Pods */,
				BA6F6AF8975340B6743239A4 /* Frameworks */,
			);
			sourceTree = "<group>";
		};
		8BFBB2F51F571CEA00BC422F /* Products */ = {
			isa = PBXGroup;
			children = (
				8BFBB2F41F571CEA00BC422F /* SimpleApiExample.app */,
			);
			name = Products;
			sourceTree = "<group>";
		};
		8BFBB2F61F571CEA00BC422F /* SimpleApiExample */ = {
			isa = PBXGroup;
			children = (
				8BFBB2F71F571CEA00BC422F /* AppDelegate.swift */,
				8BFBB2F91F571CEA00BC422F /* ViewController.swift */,
				8BFBB2FB1F571CEA00BC422F /* Main.storyboard */,
				8BFBB2FE1F571CEA00BC422F /* Assets.xcassets */,
				8BFBB3001F571CEA00BC422F /* LaunchScreen.storyboard */,
				8BFBB3031F571CEA00BC422F /* Info.plist */,
			);
			path = SimpleApiExample;
			sourceTree = "<group>";
		};
		BA6F6AF8975340B6743239A4 /* Frameworks */ = {
			isa = PBXGroup;
			children = (
				FBA90054CAE6E640FF1B4C7C /* Pods_SimpleApiExample.framework */,
			);
			name = Frameworks;
			sourceTree = "<group>";
		};
/* End PBXGroup section */

/* Begin PBXNativeTarget section */
		8BFBB2F31F571CEA00BC422F /* SimpleApiExample */ = {
			isa = PBXNativeTarget;
			buildConfigurationList = 8BFBB3061F571CEA00BC422F /* Build configuration list for PBXNativeTarget "SimpleApiExample" */;
			buildPhases = (
				40390357DFA31A2E8E88BF77 /* [CP] Check Pods Manifest.lock */,
				8BFBB2F01F571CEA00BC422F /* Sources */,
				8BFBB2F11F571CEA00BC422F /* Frameworks */,
				8BFBB2F21F571CEA00BC422F /* Resources */,
				67E110F588451F2081FB5922 /* [CP] Embed Pods Frameworks */,
				56A8E0D7CFC1C8E3E5BB00E0 /* [CP] Copy Pods Resources */,
			);
			buildRules = (
			);
			dependencies = (
			);
			name = SimpleApiExample;
			productName = SimpleApiExample;
			productReference = 8BFBB2F41F571CEA00BC422F /* SimpleApiExample.app */;
			productType = "com.apple.product-type.application";
		};
/* End PBXNativeTarget section */

/* Begin PBXProject section */
		8BFBB2EC1F571CEA00BC422F /* Project object */ = {
			isa = PBXProject;
			attributes = {
				LastSwiftUpdateCheck = 0830;
				LastUpgradeCheck = 0830;
				ORGANIZATIONNAME = kkubkko;
				TargetAttributes = {
					8BFBB2F31F571CEA00BC422F = {
						CreatedOnToolsVersion = 8.3.3;
						DevelopmentTeam = MNWSHJ4D42;
						ProvisioningStyle = Automatic;
					};
				};
			};
			buildConfigurationList = 8BFBB2EF1F571CEA00BC422F /* Build configuration list for PBXProject "SimpleApiExample" */;
			compatibilityVersion = "Xcode 3.2";
			developmentRegion = English;
			hasScannedForEncodings = 0;
			knownRegions = (
				en,
				Base,
			);
			mainGroup = 8BFBB2EB1F571CEA00BC422F;
			productRefGroup = 8BFBB2F51F571CEA00BC422F /* Products */;
			projectDirPath = "";
			projectRoot = "";
			targets = (
				8BFBB2F31F571CEA00BC422F /* SimpleApiExample */,
			);
		};
/* End PBXProject section */

/* Begin PBXResourcesBuildPhase section */
		8BFBB2F21F571CEA00BC422F /* Resources */ = {
			isa = PBXResourcesBuildPhase;
			buildActionMask = 2147483647;
			files = (
				8BFBB3021F571CEA00BC422F /* LaunchScreen.storyboard in Resources */,
				8BFBB2FF1F571CEA00BC422F /* Assets.xcassets in Resources */,
				8BFBB2FD1F571CEA00BC422F /* Main.storyboard in Resources */,
			);
			runOnlyForDeploymentPostprocessing = 0;
		};
/* End PBXResourcesBuildPhase section */

/* Begin PBXShellScriptBuildPhase section */
		40390357DFA31A2E8E88BF77 /* [CP] Check Pods Manifest.lock */ = {
			isa = PBXShellScriptBuildPhase;
			buildActionMask = 2147483647;
			files = (
			);
			inputPaths = (
			);
			name = "[CP] Check Pods Manifest.lock";
			outputPaths = (
			);
			runOnlyForDeploymentPostprocessing = 0;
			shellPath = /bin/sh;
			shellScript = "diff \"${PODS_PODFILE_DIR_PATH}/Podfile.lock\" \"${PODS_ROOT}/Manifest.lock\" > /dev/null\nif [ $? != 0 ] ; then\n    # print error to STDERR\n    echo \"error: The sandbox is not in sync with the Podfile.lock. Run 'pod install' or update your CocoaPods installation.\" >&2\n    exit 1\nfi\n";
			showEnvVarsInLog = 0;
		};
		56A8E0D7CFC1C8E3E5BB00E0 /* [CP] Copy Pods Resources */ = {
			isa = PBXShellScriptBuildPhase;
			buildActionMask = 2147483647;
			files = (
			);
			inputPaths = (
			);
			name = "[CP] Copy Pods Resources";
			outputPaths = (
			);
			runOnlyForDeploymentPostprocessing = 0;
			shellPath = /bin/sh;
			shellScript = "\"${SRCROOT}/Pods/Target Support Files/Pods-SimpleApiExample/Pods-SimpleApiExample-resources.sh\"\n";
			showEnvVarsInLog = 0;
		};
		67E110F588451F2081FB5922 /* [CP] Embed Pods Frameworks */ = {
			isa = PBXShellScriptBuildPhase;
			buildActionMask = 2147483647;
			files = (
			);
			inputPaths = (
			);
			name = "[CP] Embed Pods Frameworks";
			outputPaths = (
			);
			runOnlyForDeploymentPostprocessing = 0;
			shellPath = /bin/sh;
			shellScript = "\"${SRCROOT}/Pods/Target Support Files/Pods-SimpleApiExample/Pods-SimpleApiExample-frameworks.sh\"\n";
			showEnvVarsInLog = 0;
		};
/* End PBXShellScriptBuildPhase section */

/* Begin PBXSourcesBuildPhase section */
		8BFBB2F01F571CEA00BC422F /* Sources */ = {
			isa = PBXSourcesBuildPhase;
			buildActionMask = 2147483647;
			files = (
				8BFBB2FA1F571CEA00BC422F /* ViewController.swift in Sources */,
				8BFBB2F81F571CEA00BC422F /* AppDelegate.swift in Sources */,
			);
			runOnlyForDeploymentPostprocessing = 0;
		};
/* End PBXSourcesBuildPhase section */

/* Begin PBXVariantGroup section */
		8BFBB2FB1F571CEA00BC422F /* Main.storyboard */ = {
			isa = PBXVariantGroup;
			children = (
				8BFBB2FC1F571CEA00BC422F /* Base */,
			);
			name = Main.storyboard;
			sourceTree = "<group>";
		};
		8BFBB3001F571CEA00BC422F /* LaunchScreen.storyboard */ = {
			isa = PBXVariantGroup;
			children = (
				8BFBB3011F571CEA00BC422F /* Base */,
			);
			name = LaunchScreen.storyboard;
			sourceTree = "<group>";
		};
/* End PBXVariantGroup section */

/* Begin XCBuildConfiguration section */
		8BFBB3041F571CEA00BC422F /* Debug */ = {
			isa = XCBuildConfiguration;
			buildSettings = {
				ALWAYS_SEARCH_USER_PATHS = NO;
				CLANG_ANALYZER_NONNULL = YES;
				CLANG_ANALYZER_NUMBER_OBJECT_CONVERSION = YES_AGGRESSIVE;
				CLANG_CXX_LANGUAGE_STANDARD = "gnu++0x";
				CLANG_CXX_LIBRARY = "libc++";
				CLANG_ENABLE_MODULES = YES;
				CLANG_ENABLE_OBJC_ARC = YES;
				CLANG_WARN_BOOL_CONVERSION = YES;
				CLANG_WARN_CONSTANT_CONVERSION = YES;
				CLANG_WARN_DIRECT_OBJC_ISA_USAGE = YES_ERROR;
				CLANG_WARN_DOCUMENTATION_COMMENTS = YES;
				CLANG_WARN_EMPTY_BODY = YES;
				CLANG_WARN_ENUM_CONVERSION = YES;
				CLANG_WARN_INFINITE_RECURSION = YES;
				CLANG_WARN_INT_CONVERSION = YES;
				CLANG_WARN_OBJC_ROOT_CLASS = YES_ERROR;
				CLANG_WARN_SUSPICIOUS_MOVE = YES;
				CLANG_WARN_UNREACHABLE_CODE = YES;
				CLANG_WARN__DUPLICATE_METHOD_MATCH = YES;
				"CODE_SIGN_IDENTITY[sdk=iphoneos*]" = "iPhone Developer";
				COPY_PHASE_STRIP = NO;
				DEBUG_INFORMATION_FORMAT = dwarf;
				ENABLE_STRICT_OBJC_MSGSEND = YES;
				ENABLE_TESTABILITY = YES;
				GCC_C_LANGUAGE_STANDARD = gnu99;
				GCC_DYNAMIC_NO_PIC = NO;
				GCC_NO_COMMON_BLOCKS = YES;
				GCC_OPTIMIZATION_LEVEL = 0;
				GCC_PREPROCESSOR_DEFINITIONS = (
					"DEBUG=1",
					"$(inherited)",
				);
				GCC_WARN_64_TO_32_BIT_CONVERSION = YES;
				GCC_WARN_ABOUT_RETURN_TYPE = YES_ERROR;
				GCC_WARN_UNDECLARED_SELECTOR = YES;
				GCC_WARN_UNINITIALIZED_AUTOS = YES_AGGRESSIVE;
				GCC_WARN_UNUSED_FUNCTION = YES;
				GCC_WARN_UNUSED_VARIABLE = YES;
				IPHONEOS_DEPLOYMENT_TARGET = 10.3;
				MTL_ENABLE_DEBUG_INFO = YES;
				ONLY_ACTIVE_ARCH = YES;
				SDKROOT = iphoneos;
				SWIFT_ACTIVE_COMPILATION_CONDITIONS = DEBUG;
				SWIFT_OPTIMIZATION_LEVEL = "-Onone";
				TARGETED_DEVICE_FAMILY = "1,2";
			};
			name = Debug;
		};
		8BFBB3051F571CEA00BC422F /* Release */ = {
			isa = XCBuildConfiguration;
			buildSettings = {
				ALWAYS_SEARCH_USER_PATHS = NO;
				CLANG_ANALYZER_NONNULL = YES;
				CLANG_ANALYZER_NUMBER_OBJECT_CONVERSION = YES_AGGRESSIVE;
				CLANG_CXX_LANGUAGE_STANDARD = "gnu++0x";
				CLANG_CXX_LIBRARY = "libc++";
				CLANG_ENABLE_MODULES = YES;
				CLANG_ENABLE_OBJC_ARC = YES;
				CLANG_WARN_BOOL_CONVERSION = YES;
				CLANG_WARN_CONSTANT_CONVERSION = YES;
				CLANG_WARN_DIRECT_OBJC_ISA_USAGE = YES_ERROR;
				CLANG_WARN_DOCUMENTATION_COMMENTS = YES;
				CLANG_WARN_EMPTY_BODY = YES;
				CLANG_WARN_ENUM_CONVERSION = YES;
				CLANG_WARN_INFINITE_RECURSION = YES;
				CLANG_WARN_INT_CONVERSION = YES;
				CLANG_WARN_OBJC_ROOT_CLASS = YES_ERROR;
				CLANG_WARN_SUSPICIOUS_MOVE = YES;
				CLANG_WARN_UNREACHABLE_CODE = YES;
				CLANG_WARN__DUPLICATE_METHOD_MATCH = YES;
				"CODE_SIGN_IDENTITY[sdk=iphoneos*]" = "iPhone Developer";
				COPY_PHASE_STRIP = NO;
				DEBUG_INFORMATION_FORMAT = "dwarf-with-dsym";
				ENABLE_NS_ASSERTIONS = NO;
				ENABLE_STRICT_OBJC_MSGSEND = YES;
				GCC_C_LANGUAGE_STANDARD = gnu99;
				GCC_NO_COMMON_BLOCKS = YES;
				GCC_WARN_64_TO_32_BIT_CONVERSION = YES;
				GCC_WARN_ABOUT_RETURN_TYPE = YES_ERROR;
				GCC_WARN_UNDECLARED_SELECTOR = YES;
				GCC_WARN_UNINITIALIZED_AUTOS = YES_AGGRESSIVE;
				GCC_WARN_UNUSED_FUNCTION = YES;
				GCC_WARN_UNUSED_VARIABLE = YES;
				IPHONEOS_DEPLOYMENT_TARGET = 10.3;
				MTL_ENABLE_DEBUG_INFO = NO;
				SDKROOT = iphoneos;
				SWIFT_OPTIMIZATION_LEVEL = "-Owholemodule";
				TARGETED_DEVICE_FAMILY = "1,2";
				VALIDATE_PRODUCT = YES;
			};
			name = Release;
		};
		8BFBB3071F571CEA00BC422F /* Debug */ = {
			isa = XCBuildConfiguration;
			baseConfigurationReference = CE2BF242EA89F84BE85CC374 /* Pods-SimpleApiExample.debug.xcconfig */;
			buildSettings = {
				ASSETCATALOG_COMPILER_APPICON_NAME = AppIcon;
				DEVELOPMENT_TEAM = MNWSHJ4D42;
				INFOPLIST_FILE = SimpleApiExample/Info.plist;
				LD_RUNPATH_SEARCH_PATHS = "$(inherited) @executable_path/Frameworks";
				PRODUCT_BUNDLE_IDENTIFIER = com.kkubkko.SimpleApiExample;
				PRODUCT_NAME = "$(TARGET_NAME)";
				SWIFT_VERSION = 3.0;
			};
			name = Debug;
		};
		8BFBB3081F571CEA00BC422F /* Release */ = {
			isa = XCBuildConfiguration;
			baseConfigurationReference = BEE370A92054BB4D7A24E171 /* Pods-SimpleApiExample.release.xcconfig */;
			buildSettings = {
				ASSETCATALOG_COMPILER_APPICON_NAME = AppIcon;
				DEVELOPMENT_TEAM = MNWSHJ4D42;
				INFOPLIST_FILE = SimpleApiExample/Info.plist;
				LD_RUNPATH_SEARCH_PATHS = "$(inherited) @executable_path/Frameworks";
				PRODUCT_BUNDLE_IDENTIFIER = com.kkubkko.SimpleApiExample;
				PRODUCT_NAME = "$(TARGET_NAME)";
				SWIFT_VERSION = 3.0;
			};
			name = Release;
		};
/* End XCBuildConfiguration section */

/* Begin XCConfigurationList section */
		8BFBB2EF1F571CEA00BC422F /* Build configuration list for PBXProject "SimpleApiExample" */ = {
			isa = XCConfigurationList;
			buildConfigurations = (
				8BFBB3041F571CEA00BC422F /* Debug */,
				8BFBB3051F571CEA00BC422F /* Release */,
			);
			defaultConfigurationIsVisible = 0;
			defaultConfigurationName = Release;
		};
		8BFBB3061F571CEA00BC422F /* Build configuration list for PBXNativeTarget "SimpleApiExample" */ = {
			isa = XCConfigurationList;
			buildConfigurations = (
				8BFBB3071F571CEA00BC422F /* Debug */,
				8BFBB3081F571CEA00BC422F /* Release */,
			);
			defaultConfigurationIsVisible = 0;
			defaultConfigurationName = Release;
		};
/* End XCConfigurationList section */
	};
	rootObject = 8BFBB2EC1F571CEA00BC422F /* Project object */;
}
